
Microsoft Visual Studio Solution File, Format Version 12.00
# Visual Studio 15
VisualStudioVersion = 15.0.28307.329
MinimumVisualStudioVersion = 10.0.40219.1
Project("{FAE04EC0-301F-11D3-BF4B-00C04F79EFBC}") = "MusicCloud", "MusicCloud\MusicCloud.csproj", "{6CE225E0-740A-470F-8B59-378AE590A0DB}"
EndProject
Project("{FAE04EC0-301F-11D3-BF4B-00C04F79EFBC}") = "MusicCloud.Tests", "MusicCloud.Tests\MusicCloud.Tests.csproj", "{39F164B5-9DA2-47DF-AE79-160D606B68EA}"
EndProject
Global
	GlobalSection(SolutionConfigurationPlatforms) = preSolution
		Debug|Any CPU = Debug|Any CPU
		Release|Any CPU = Release|Any CPU
	EndGlobalSection
	GlobalSection(ProjectConfigurationPlatforms) = postSolution
		{6CE225E0-740A-470F-8B59-378AE590A0DB}.Debug|Any CPU.ActiveCfg = Debug|Any CPU
		{6CE225E0-740A-470F-8B59-378AE590A0DB}.Debug|Any CPU.Build.0 = Debug|Any CPU
		{6CE225E0-740A-470F-8B59-378AE590A0DB}.Release|Any CPU.ActiveCfg = Release|Any CPU
		{6CE225E0-740A-470F-8B59-378AE590A0DB}.Release|Any CPU.Build.0 = Release|Any CPU
		{39F164B5-9DA2-47DF-AE79-160D606B68EA}.Debug|Any CPU.ActiveCfg = Debug|Any CPU
		{39F164B5-9DA2-47DF-AE79-160D606B68EA}.Debug|Any CPU.Build.0 = Debug|Any CPU
		{39F164B5-9DA2-47DF-AE79-160D606B68EA}.Release|Any CPU.ActiveCfg = Release|Any CPU
		{39F164B5-9DA2-47DF-AE79-160D606B68EA}.Release|Any CPU.Build.0 = Release|Any CPU
	EndGlobalSection
	GlobalSection(SolutionProperties) = preSolution
		HideSolutionNode = FALSE
	EndGlobalSection
	GlobalSection(ExtensibilityGlobals) = postSolution
		SolutionGuid = {5B0F55EC-7622-48F0-B92C-69AEB4F79B21}
	EndGlobalSection
EndGlobal
